
Microsoft Visual Studio Solution File, Format Version 12.00
# Visual Studio Version 17
VisualStudioVersion = 17.0.32014.148
MinimumVisualStudioVersion = 10.0.40219.1
Project("{FAE04EC0-301F-11D3-BF4B-00C04F79EFBC}") = "CourseWorkSP", "CourseWorkSP\CourseWorkSP.csproj", "{81DAB68B-F8B0-4996-88D4-85B797F2174C}"
EndProject
Global
	GlobalSection(SolutionConfigurationPlatforms) = preSolution
		Debug|Any CPU = Debug|Any CPU
		Release|Any CPU = Release|Any CPU
	EndGlobalSection
	GlobalSection(ProjectConfigurationPlatforms) = postSolution
		{81DAB68B-F8B0-4996-88D4-85B797F2174C}.Debug|Any CPU.ActiveCfg = Debug|Any CPU
		{81DAB68B-F8B0-4996-88D4-85B797F2174C}.Debug|Any CPU.Build.0 = Debug|Any CPU
		{81DAB68B-F8B0-4996-88D4-85B797F2174C}.Release|Any CPU.ActiveCfg = Release|Any CPU
		{81DAB68B-F8B0-4996-88D4-85B797F2174C}.Release|Any CPU.Build.0 = Release|Any CPU
	EndGlobalSection
	GlobalSection(SolutionProperties) = preSolution
		HideSolutionNode = FALSE
	EndGlobalSection
	GlobalSection(ExtensibilityGlobals) = postSolution
		SolutionGuid = {74E8850B-33F9-4393-A02B-D26F220059CA}
	EndGlobalSection
EndGlobal
